
Microsoft Visual Studio Solution File, Format Version 12.00
Project("{2150E333-8FDC-42A3-9474-1A3956D46DE8}") = "src", "src", "{30A7170D-D07F-4849-85BB-2F198AFB464E}"
EndProject
Project("{2150E333-8FDC-42A3-9474-1A3956D46DE8}") = "UI", "UI", "{3F2A565A-48F7-410F-99FD-D4130FE9FBD4}"
EndProject
Project("{2150E333-8FDC-42A3-9474-1A3956D46DE8}") = "Services", "Services", "{219BB336-1C0F-4D3A-8F04-45CE790EC201}"
EndProject
Project("{FAE04EC0-301F-11D3-BF4B-00C04F79EFBC}") = "ECommerce.UI", "src\UI\ECommerce.UI\ECommerce.UI.csproj", "{8142AB51-73B0-4F4B-912B-B43D8ED821F8}"
EndProject
Project("{FAE04EC0-301F-11D3-BF4B-00C04F79EFBC}") = "ECommerce.Catalog", "src\Services\ECommerce.Catalog\ECommerce.Catalog.csproj", "{44FFBBFA-86EF-43C8-B513-3C061E05C00D}"
EndProject
Project("{FAE04EC0-301F-11D3-BF4B-00C04F79EFBC}") = "ECommerce.Cart", "src\Services\ECommerce.Cart\ECommerce.Cart.csproj", "{E4B3310A-591D-4B26-9B75-12DE5CA7679A}"
EndProject
Project("{2150E333-8FDC-42A3-9474-1A3956D46DE8}") = "Shared", "Shared", "{AC7F727A-6636-4F03-883D-E581B432485F}"
EndProject
Project("{FAE04EC0-301F-11D3-BF4B-00C04F79EFBC}") = "ECommerce.SharedLib", "src\Shared\ECommerce.SharedLib\ECommerce.SharedLib.csproj", "{50FBA3A5-3360-455E-A59A-02F5CF9A06E1}"
EndProject
Global
	GlobalSection(SolutionConfigurationPlatforms) = preSolution
		Debug|Any CPU = Debug|Any CPU
		Release|Any CPU = Release|Any CPU
	EndGlobalSection
	GlobalSection(NestedProjects) = preSolution
		{3F2A565A-48F7-410F-99FD-D4130FE9FBD4} = {30A7170D-D07F-4849-85BB-2F198AFB464E}
		{219BB336-1C0F-4D3A-8F04-45CE790EC201} = {30A7170D-D07F-4849-85BB-2F198AFB464E}
		{8142AB51-73B0-4F4B-912B-B43D8ED821F8} = {3F2A565A-48F7-410F-99FD-D4130FE9FBD4}
		{44FFBBFA-86EF-43C8-B513-3C061E05C00D} = {219BB336-1C0F-4D3A-8F04-45CE790EC201}
		{E4B3310A-591D-4B26-9B75-12DE5CA7679A} = {219BB336-1C0F-4D3A-8F04-45CE790EC201}
		{AC7F727A-6636-4F03-883D-E581B432485F} = {30A7170D-D07F-4849-85BB-2F198AFB464E}
		{50FBA3A5-3360-455E-A59A-02F5CF9A06E1} = {AC7F727A-6636-4F03-883D-E581B432485F}
	EndGlobalSection
	GlobalSection(ProjectConfigurationPlatforms) = postSolution
		{8142AB51-73B0-4F4B-912B-B43D8ED821F8}.Debug|Any CPU.ActiveCfg = Debug|Any CPU
		{8142AB51-73B0-4F4B-912B-B43D8ED821F8}.Debug|Any CPU.Build.0 = Debug|Any CPU
		{8142AB51-73B0-4F4B-912B-B43D8ED821F8}.Release|Any CPU.ActiveCfg = Release|Any CPU
		{8142AB51-73B0-4F4B-912B-B43D8ED821F8}.Release|Any CPU.Build.0 = Release|Any CPU
		{44FFBBFA-86EF-43C8-B513-3C061E05C00D}.Debug|Any CPU.ActiveCfg = Debug|Any CPU
		{44FFBBFA-86EF-43C8-B513-3C061E05C00D}.Debug|Any CPU.Build.0 = Debug|Any CPU
		{44FFBBFA-86EF-43C8-B513-3C061E05C00D}.Release|Any CPU.ActiveCfg = Release|Any CPU
		{44FFBBFA-86EF-43C8-B513-3C061E05C00D}.Release|Any CPU.Build.0 = Release|Any CPU
		{E4B3310A-591D-4B26-9B75-12DE5CA7679A}.Debug|Any CPU.ActiveCfg = Debug|Any CPU
		{E4B3310A-591D-4B26-9B75-12DE5CA7679A}.Debug|Any CPU.Build.0 = Debug|Any CPU
		{E4B3310A-591D-4B26-9B75-12DE5CA7679A}.Release|Any CPU.ActiveCfg = Release|Any CPU
		{E4B3310A-591D-4B26-9B75-12DE5CA7679A}.Release|Any CPU.Build.0 = Release|Any CPU
		{50FBA3A5-3360-455E-A59A-02F5CF9A06E1}.Debug|Any CPU.ActiveCfg = Debug|Any CPU
		{50FBA3A5-3360-455E-A59A-02F5CF9A06E1}.Debug|Any CPU.Build.0 = Debug|Any CPU
		{50FBA3A5-3360-455E-A59A-02F5CF9A06E1}.Release|Any CPU.ActiveCfg = Release|Any CPU
		{50FBA3A5-3360-455E-A59A-02F5CF9A06E1}.Release|Any CPU.Build.0 = Release|Any CPU
	EndGlobalSection
EndGlobal
